// !$*UTF8*$!
{
	archiveVersion = 1;
	classes = {
	};
	objectVersion = 77;
	objects = {

/* Begin PBXContainerItemProxy section */
		3DDC81E22CE4E85E00D8DC49 /* PBXContainerItemProxy */ = {
			isa = PBXContainerItemProxy;
			containerPortal = 3DDC81C32CE4E85D00D8DC49 /* Project object */;
			proxyType = 1;
			remoteGlobalIDString = 3DDC81CA2CE4E85D00D8DC49;
			remoteInfo = GridDataApi;
		};
		3DDC81EC2CE4E85E00D8DC49 /* PBXContainerItemProxy */ = {
			isa = PBXContainerItemProxy;
			containerPortal = 3DDC81C32CE4E85D00D8DC49 /* Project object */;
			proxyType = 1;
			remoteGlobalIDString = 3DDC81CA2CE4E85D00D8DC49;
			remoteInfo = GridDataApi;
		};
/* End PBXContainerItemProxy section */

/* Begin PBXFileReference section */
		3DDC81CB2CE4E85D00D8DC49 /* GridDataApi.app */ = {isa = PBXFileReference; explicitFileType = wrapper.application; includeInIndex = 0; path = GridDataApi.app; sourceTree = BUILT_PRODUCTS_DIR; };
		3DDC81E12CE4E85E00D8DC49 /* GridDataApiTests.xctest */ = {isa = PBXFileReference; explicitFileType = wrapper.cfbundle; includeInIndex = 0; path = GridDataApiTests.xctest; sourceTree = BUILT_PRODUCTS_DIR; };
		3DDC81EB2CE4E85E00D8DC49 /* GridDataApiUITests.xctest */ = {isa = PBXFileReference; explicitFileType = wrapper.cfbundle; includeInIndex = 0; path = GridDataApiUITests.xctest; sourceTree = BUILT_PRODUCTS_DIR; };
/* End PBXFileReference section */

/* Begin PBXFileSystemSynchronizedBuildFileExceptionSet section */
		3DDC81F32CE4E85E00D8DC49 /* Exceptions for "GridDataApi" folder in "GridDataApi" target */ = {
			isa = PBXFileSystemSynchronizedBuildFileExceptionSet;
			membershipExceptions = (
				Info.plist,
			);
			target = 3DDC81CA2CE4E85D00D8DC49 /* GridDataApi */;
		};
/* End PBXFileSystemSynchronizedBuildFileExceptionSet section */

/* Begin PBXFileSystemSynchronizedRootGroup section */
		3DDC81CD2CE4E85D00D8DC49 /* GridDataApi */ = {
			isa = PBXFileSystemSynchronizedRootGroup;
			exceptions = (
				3DDC81F32CE4E85E00D8DC49 /* Exceptions for "GridDataApi" folder in "GridDataApi" target */,
			);
			path = GridDataApi;
			sourceTree = "<group>";
		};
		3DDC81E42CE4E85E00D8DC49 /* GridDataApiTests */ = {
			isa = PBXFileSystemSynchronizedRootGroup;
			path = GridDataApiTests;
			sourceTree = "<group>";
		};
		3DDC81EE2CE4E85E00D8DC49 /* GridDataApiUITests */ = {
			isa = PBXFileSystemSynchronizedRootGroup;
			path = GridDataApiUITests;
			sourceTree = "<group>";
		};
/* End PBXFileSystemSynchronizedRootGroup section */

/* Begin PBXFrameworksBuildPhase section */
		3DDC81C82CE4E85D00D8DC49 /* Frameworks */ = {
			isa = PBXFrameworksBuildPhase;
			buildActionMask = 2147483647;
			files = (
			);
			runOnlyForDeploymentPostprocessing = 0;
		};
		3DDC81DE2CE4E85E00D8DC49 /* Frameworks */ = {
			isa = PBXFrameworksBuildPhase;
			buildActionMask = 2147483647;
			files = (
			);
			runOnlyForDeploymentPostprocessing = 0;
		};
		3DDC81E82CE4E85E00D8DC49 /* Frameworks */ = {
			isa = PBXFrameworksBuildPhase;
			buildActionMask = 2147483647;
			files = (
			);
			runOnlyForDeploymentPostprocessing = 0;
		};
/* End PBXFrameworksBuildPhase section */

/* Begin PBXGroup section */
		3DDC81C22CE4E85D00D8DC49 = {
			isa = PBXGroup;
			children = (
				3DDC81CD2CE4E85D00D8DC49 /* GridDataApi */,
				3DDC81E42CE4E85E00D8DC49 /* GridDataApiTests */,
				3DDC81EE2CE4E85E00D8DC49 /* GridDataApiUITests */,
				3DDC81CC2CE4E85D00D8DC49 /* Products */,
			);
			sourceTree = "<group>";
		};
		3DDC81CC2CE4E85D00D8DC49 /* Products */ = {
			isa = PBXGroup;
			children = (
				3DDC81CB2CE4E85D00D8DC49 /* GridDataApi.app */,
				3DDC81E12CE4E85E00D8DC49 /* GridDataApiTests.xctest */,
				3DDC81EB2CE4E85E00D8DC49 /* GridDataApiUITests.xctest */,
			);
			name = Products;
			sourceTree = "<group>";
		};
/* End PBXGroup section */

/* Begin PBXNativeTarget section */
		3DDC81CA2CE4E85D00D8DC49 /* GridDataApi */ = {
			isa = PBXNativeTarget;
			buildConfigurationList = 3DDC81F42CE4E85E00D8DC49 /* Build configuration list for PBXNativeTarget "GridDataApi" */;
			buildPhases = (
				3DDC81C72CE4E85D00D8DC49 /* Sources */,
				3DDC81C82CE4E85D00D8DC49 /* Frameworks */,
				3DDC81C92CE4E85D00D8DC49 /* Resources */,
			);
			buildRules = (
			);
			dependencies = (
			);
			fileSystemSynchronizedGroups = (
				3DDC81CD2CE4E85D00D8DC49 /* GridDataApi */,
			);
			name = GridDataApi;
			packageProductDependencies = (
			);
			productName = GridDataApi;
			productReference = 3DDC81CB2CE4E85D00D8DC49 /* GridDataApi.app */;
			productType = "com.apple.product-type.application";
		};
		3DDC81E02CE4E85E00D8DC49 /* GridDataApiTests */ = {
			isa = PBXNativeTarget;
			buildConfigurationList = 3DDC81F92CE4E85E00D8DC49 /* Build configuration list for PBXNativeTarget "GridDataApiTests" */;
			buildPhases = (
				3DDC81DD2CE4E85E00D8DC49 /* Sources */,
				3DDC81DE2CE4E85E00D8DC49 /* Frameworks */,
				3DDC81DF2CE4E85E00D8DC49 /* Resources */,
			);
			buildRules = (
			);
			dependencies = (
				3DDC81E32CE4E85E00D8DC49 /* PBXTargetDependency */,
			);
			fileSystemSynchronizedGroups = (
				3DDC81E42CE4E85E00D8DC49 /* GridDataApiTests */,
			);
			name = GridDataApiTests;
			packageProductDependencies = (
			);
			productName = GridDataApiTests;
			productReference = 3DDC81E12CE4E85E00D8DC49 /* GridDataApiTests.xctest */;
			productType = "com.apple.product-type.bundle.unit-test";
		};
		3DDC81EA2CE4E85E00D8DC49 /* GridDataApiUITests */ = {
			isa = PBXNativeTarget;
			buildConfigurationList = 3DDC81FC2CE4E85E00D8DC49 /* Build configuration list for PBXNativeTarget "GridDataApiUITests" */;
			buildPhases = (
				3DDC81E72CE4E85E00D8DC49 /* Sources */,
				3DDC81E82CE4E85E00D8DC49 /* Frameworks */,
				3DDC81E92CE4E85E00D8DC49 /* Resources */,
			);
			buildRules = (
			);
			dependencies = (
				3DDC81ED2CE4E85E00D8DC49 /* PBXTargetDependency */,
			);
			fileSystemSynchronizedGroups = (
				3DDC81EE2CE4E85E00D8DC49 /* GridDataApiUITests */,
			);
			name = GridDataApiUITests;
			packageProductDependencies = (
			);
			productName = GridDataApiUITests;
			productReference = 3DDC81EB2CE4E85E00D8DC49 /* GridDataApiUITests.xctest */;
			productType = "com.apple.product-type.bundle.ui-testing";
		};
/* End PBXNativeTarget section */

/* Begin PBXProject section */
		3DDC81C32CE4E85D00D8DC49 /* Project object */ = {
			isa = PBXProject;
			attributes = {
				BuildIndependentTargetsInParallel = 1;
				LastSwiftUpdateCheck = 1600;
				LastUpgradeCheck = 1600;
				TargetAttributes = {
					3DDC81CA2CE4E85D00D8DC49 = {
						CreatedOnToolsVersion = 16.0;
					};
					3DDC81E02CE4E85E00D8DC49 = {
						CreatedOnToolsVersion = 16.0;
						TestTargetID = 3DDC81CA2CE4E85D00D8DC49;
					};
					3DDC81EA2CE4E85E00D8DC49 = {
						CreatedOnToolsVersion = 16.0;
						TestTargetID = 3DDC81CA2CE4E85D00D8DC49;
					};
				};
			};
			buildConfigurationList = 3DDC81C62CE4E85D00D8DC49 /* Build configuration list for PBXProject "GridDataApi" */;
			developmentRegion = en;
			hasScannedForEncodings = 0;
			knownRegions = (
				en,
				Base,
			);
			mainGroup = 3DDC81C22CE4E85D00D8DC49;
			minimizedProjectReferenceProxies = 1;
			preferredProjectObjectVersion = 77;
			productRefGroup = 3DDC81CC2CE4E85D00D8DC49 /* Products */;
			projectDirPath = "";
			projectRoot = "";
			targets = (
				3DDC81CA2CE4E85D00D8DC49 /* GridDataApi */,
				3DDC81E02CE4E85E00D8DC49 /* GridDataApiTests */,
				3DDC81EA2CE4E85E00D8DC49 /* GridDataApiUITests */,
			);
		};
/* End PBXProject section */

/* Begin PBXResourcesBuildPhase section */
		3DDC81C92CE4E85D00D8DC49 /* Resources */ = {
			isa = PBXResourcesBuildPhase;
			buildActionMask = 2147483647;
			files = (
			);
			runOnlyForDeploymentPostprocessing = 0;
		};
		3DDC81DF2CE4E85E00D8DC49 /* Resources */ = {
			isa = PBXResourcesBuildPhase;
			buildActionMask = 2147483647;
			files = (
			);
			runOnlyForDeploymentPostprocessing = 0;
		};
		3DDC81E92CE4E85E00D8DC49 /* Resources */ = {
			isa = PBXResourcesBuildPhase;
			buildActionMask = 2147483647;
			files = (
			);
			runOnlyForDeploymentPostprocessing = 0;
		};
/* End PBXResourcesBuildPhase section */

/* Begin PBXSourcesBuildPhase section */
		3DDC81C72CE4E85D00D8DC49 /* Sources */ = {
			isa = PBXSourcesBuildPhase;
			buildActionMask = 2147483647;
			files = (
			);
			runOnlyForDeploymentPostprocessing = 0;
		};
		3DDC81DD2CE4E85E00D8DC49 /* Sources */ = {
			isa = PBXSourcesBuildPhase;
			buildActionMask = 2147483647;
			files = (
			);
			runOnlyForDeploymentPostprocessing = 0;
		};
		3DDC81E72CE4E85E00D8DC49 /* Sources */ = {
			isa = PBXSourcesBuildPhase;
			buildActionMask = 2147483647;
			files = (
			);
			runOnlyForDeploymentPostprocessing = 0;
		};
/* End PBXSourcesBuildPhase section */

/* Begin PBXTargetDependency section */
		3DDC81E32CE4E85E00D8DC49 /* PBXTargetDependency */ = {
			isa = PBXTargetDependency;
			target = 3DDC81CA2CE4E85D00D8DC49 /* GridDataApi */;
			targetProxy = 3DDC81E22CE4E85E00D8DC49 /* PBXContainerItemProxy */;
		};
		3DDC81ED2CE4E85E00D8DC49 /* PBXTargetDependency */ = {
			isa = PBXTargetDependency;
			target = 3DDC81CA2CE4E85D00D8DC49 /* GridDataApi */;
			targetProxy = 3DDC81EC2CE4E85E00D8DC49 /* PBXContainerItemProxy */;
		};
/* End PBXTargetDependency section */

/* Begin XCBuildConfiguration section */
		3DDC81F52CE4E85E00D8DC49 /* Debug */ = {
			isa = XCBuildConfiguration;
			buildSettings = {
				ASSETCATALOG_COMPILER_APPICON_NAME = AppIcon;
				ASSETCATALOG_COMPILER_GLOBAL_ACCENT_COLOR_NAME = AccentColor;
				CODE_SIGN_STYLE = Automatic;
				CURRENT_PROJECT_VERSION = 1;
				GENERATE_INFOPLIST_FILE = YES;
				INFOPLIST_FILE = GridDataApi/Info.plist;
				INFOPLIST_KEY_UIApplicationSupportsIndirectInputEvents = YES;
				INFOPLIST_KEY_UILaunchStoryboardName = LaunchScreen;
				INFOPLIST_KEY_UIMainStoryboardFile = Main;
				INFOPLIST_KEY_UISupportedInterfaceOrientations_iPad = "UIInterfaceOrientationPortrait UIInterfaceOrientationPortraitUpsideDown UIInterfaceOrientationLandscapeLeft UIInterfaceOrientationLandscapeRight";
				INFOPLIST_KEY_UISupportedInterfaceOrientations_iPhone = "UIInterfaceOrientationPortrait UIInterfaceOrientationLandscapeLeft UIInterfaceOrientationLandscapeRight";
				LD_RUNPATH_SEARCH_PATHS = (
					"$(inherited)",
					"@executable_path/Frameworks",
				);
				MARKETING_VERSION = 1.0;
				PRODUCT_BUNDLE_IDENTIFIER = com.ba.GridDataApi;
				PRODUCT_NAME = "$(TARGET_NAME)";
				SWIFT_EMIT_LOC_STRINGS = YES;
				SWIFT_VERSION = 5.0;
				TARGETED_DEVICE_FAMILY = "1,2";
			};
			name = Debug;
		};
		3DDC81F62CE4E85E00D8DC49 /* Release */ = {
			isa = XCBuildConfiguration;
			buildSettings = {
				ASSETCATALOG_COMPILER_APPICON_NAME = AppIcon;
				ASSETCATALOG_COMPILER_GLOBAL_ACCENT_COLOR_NAME = AccentColor;
				CODE_SIGN_STYLE = Automatic;
				CURRENT_PROJECT_VERSION = 1;
				GENERATE_INFOPLIST_FILE = YES;
				INFOPLIST_FILE = GridDataApi/Info.plist;
				INFOPLIST_KEY_UIApplicationSupportsIndirectInputEvents = YES;
				INFOPLIST_KEY_UILaunchStoryboardName = LaunchScreen;
				INFOPLIST_KEY_UIMainStoryboardFile = Main;
				INFOPLIST_KEY_UISupportedInterfaceOrientations_iPad = "UIInterfaceOrientationPortrait UIInterfaceOrientationPortraitUpsideDown UIInterfaceOrientationLandscapeLeft UIInterfaceOrientationLandscapeRight";
				INFOPLIST_KEY_UISupportedInterfaceOrientations_iPhone = "UIInterfaceOrientationPortrait UIInterfaceOrientationLandscapeLeft UIInterfaceOrientationLandscapeRight";
				LD_RUNPATH_SEARCH_PATHS = (
					"$(inherited)",
					"@executable_path/Frameworks",
				);
				MARKETING_VERSION = 1.0;
				PRODUCT_BUNDLE_IDENTIFIER = com.ba.GridDataApi;
				PRODUCT_NAME = "$(TARGET_NAME)";
				SWIFT_EMIT_LOC_STRINGS = YES;
				SWIFT_VERSION = 5.0;
				TARGETED_DEVICE_FAMILY = "1,2";
			};
			name = Release;
		};
		3DDC81F72CE4E85E00D8DC49 /* Debug */ = {
			isa = XCBuildConfiguration;
			buildSettings = {
				ALWAYS_SEARCH_USER_PATHS = NO;
				ASSETCATALOG_COMPILER_GENERATE_SWIFT_ASSET_SYMBOL_EXTENSIONS = YES;
				CLANG_ANALYZER_NONNULL = YES;
				CLANG_ANALYZER_NUMBER_OBJECT_CONVERSION = YES_AGGRESSIVE;
				CLANG_CXX_LANGUAGE_STANDARD = "gnu++20";
				CLANG_ENABLE_MODULES = YES;
				CLANG_ENABLE_OBJC_ARC = YES;
				CLANG_ENABLE_OBJC_WEAK = YES;
				CLANG_WARN_BLOCK_CAPTURE_AUTORELEASING = YES;
				CLANG_WARN_BOOL_CONVERSION = YES;
				CLANG_WARN_COMMA = YES;
				CLANG_WARN_CONSTANT_CONVERSION = YES;
				CLANG_WARN_DEPRECATED_OBJC_IMPLEMENTATIONS = YES;
				CLANG_WARN_DIRECT_OBJC_ISA_USAGE = YES_ERROR;
				CLANG_WARN_DOCUMENTATION_COMMENTS = YES;
				CLANG_WARN_EMPTY_BODY = YES;
				CLANG_WARN_ENUM_CONVERSION = YES;
				CLANG_WARN_INFINITE_RECURSION = YES;
				CLANG_WARN_INT_CONVERSION = YES;
				CLANG_WARN_NON_LITERAL_NULL_CONVERSION = YES;
				CLANG_WARN_OBJC_IMPLICIT_RETAIN_SELF = YES;
				CLANG_WARN_OBJC_LITERAL_CONVERSION = YES;
				CLANG_WARN_OBJC_ROOT_CLASS = YES_ERROR;
				CLANG_WARN_QUOTED_INCLUDE_IN_FRAMEWORK_HEADER = YES;
				CLANG_WARN_RANGE_LOOP_ANALYSIS = YES;
				CLANG_WARN_STRICT_PROTOTYPES = YES;
				CLANG_WARN_SUSPICIOUS_MOVE = YES;
				CLANG_WARN_UNGUARDED_AVAILABILITY = YES_AGGRESSIVE;
				CLANG_WARN_UNREACHABLE_CODE = YES;
				CLANG_WARN__DUPLICATE_METHOD_MATCH = YES;
				COPY_PHASE_STRIP = NO;
				DEBUG_INFORMATION_FORMAT = dwarf;
				ENABLE_STRICT_OBJC_MSGSEND = YES;
				ENABLE_TESTABILITY = YES;
				ENABLE_USER_SCRIPT_SANDBOXING = YES;
				GCC_C_LANGUAGE_STANDARD = gnu17;
				GCC_DYNAMIC_NO_PIC = NO;
				GCC_NO_COMMON_BLOCKS = YES;
				GCC_OPTIMIZATION_LEVEL = 0;
				GCC_PREPROCESSOR_DEFINITIONS = (
					"DEBUG=1",
					"$(inherited)",
				);
				GCC_WARN_64_TO_32_BIT_CONVERSION = YES;
				GCC_WARN_ABOUT_RETURN_TYPE = YES_ERROR;
				GCC_WARN_UNDECLARED_SELECTOR = YES;
				GCC_WARN_UNINITIALIZED_AUTOS = YES_AGGRESSIVE;
				GCC_WARN_UNUSED_FUNCTION = YES;
				GCC_WARN_UNUSED_VARIABLE = YES;
				IPHONEOS_DEPLOYMENT_TARGET = 18.0;
				LOCALIZATION_PREFERS_STRING_CATALOGS = YES;
				MTL_ENABLE_DEBUG_INFO = INCLUDE_SOURCE;
				MTL_FAST_MATH = YES;
				ONLY_ACTIVE_ARCH = YES;
				SDKROOT = iphoneos;
				SWIFT_ACTIVE_COMPILATION_CONDITIONS = "DEBUG $(inherited)";
				SWIFT_OPTIMIZATION_LEVEL = "-Onone";
			};
			name = Debug;
		};
		3DDC81F82CE4E85E00D8DC49 /* Release */ = {
			isa = XCBuildConfiguration;
			buildSettings = {
				ALWAYS_SEARCH_USER_PATHS = NO;
				ASSETCATALOG_COMPILER_GENERATE_SWIFT_ASSET_SYMBOL_EXTENSIONS = YES;
				CLANG_ANALYZER_NONNULL = YES;
				CLANG_ANALYZER_NUMBER_OBJECT_CONVERSION = YES_AGGRESSIVE;
				CLANG_CXX_LANGUAGE_STANDARD = "gnu++20";
				CLANG_ENABLE_MODULES = YES;
				CLANG_ENABLE_OBJC_ARC = YES;
				CLANG_ENABLE_OBJC_WEAK = YES;
				CLANG_WARN_BLOCK_CAPTURE_AUTORELEASING = YES;
				CLANG_WARN_BOOL_CONVERSION = YES;
				CLANG_WARN_COMMA = YES;
				CLANG_WARN_CONSTANT_CONVERSION = YES;
				CLANG_WARN_DEPRECATED_OBJC_IMPLEMENTATIONS = YES;
				CLANG_WARN_DIRECT_OBJC_ISA_USAGE = YES_ERROR;
				CLANG_WARN_DOCUMENTATION_COMMENTS = YES;
				CLANG_WARN_EMPTY_BODY = YES;
				CLANG_WARN_ENUM_CONVERSION = YES;
				CLANG_WARN_INFINITE_RECURSION = YES;
				CLANG_WARN_INT_CONVERSION = YES;
				CLANG_WARN_NON_LITERAL_NULL_CONVERSION = YES;
				CLANG_WARN_OBJC_IMPLICIT_RETAIN_SELF = YES;
				CLANG_WARN_OBJC_LITERAL_CONVERSION = YES;
				CLANG_WARN_OBJC_ROOT_CLASS = YES_ERROR;
				CLANG_WARN_QUOTED_INCLUDE_IN_FRAMEWORK_HEADER = YES;
				CLANG_WARN_RANGE_LOOP_ANALYSIS = YES;
				CLANG_WARN_STRICT_PROTOTYPES = YES;
				CLANG_WARN_SUSPICIOUS_MOVE = YES;
				CLANG_WARN_UNGUARDED_AVAILABILITY = YES_AGGRESSIVE;
				CLANG_WARN_UNREACHABLE_CODE = YES;
				CLANG_WARN__DUPLICATE_METHOD_MATCH = YES;
				COPY_PHASE_STRIP = NO;
				DEBUG_INFORMATION_FORMAT = "dwarf-with-dsym";
				ENABLE_NS_ASSERTIONS = NO;
				ENABLE_STRICT_OBJC_MSGSEND = YES;
				ENABLE_USER_SCRIPT_SANDBOXING = YES;
				GCC_C_LANGUAGE_STANDARD = gnu17;
				GCC_NO_COMMON_BLOCKS = YES;
				GCC_WARN_64_TO_32_BIT_CONVERSION = YES;
				GCC_WARN_ABOUT_RETURN_TYPE = YES_ERROR;
				GCC_WARN_UNDECLARED_SELECTOR = YES;
				GCC_WARN_UNINITIALIZED_AUTOS = YES_AGGRESSIVE;
				GCC_WARN_UNUSED_FUNCTION = YES;
				GCC_WARN_UNUSED_VARIABLE = YES;
				IPHONEOS_DEPLOYMENT_TARGET = 18.0;
				LOCALIZATION_PREFERS_STRING_CATALOGS = YES;
				MTL_ENABLE_DEBUG_INFO = NO;
				MTL_FAST_MATH = YES;
				SDKROOT = iphoneos;
				SWIFT_COMPILATION_MODE = wholemodule;
				VALIDATE_PRODUCT = YES;
			};
			name = Release;
		};
		3DDC81FA2CE4E85E00D8DC49 /* Debug */ = {
			isa = XCBuildConfiguration;
			buildSettings = {
				BUNDLE_LOADER = "$(TEST_HOST)";
				CODE_SIGN_STYLE = Automatic;
				CURRENT_PROJECT_VERSION = 1;
				GENERATE_INFOPLIST_FILE = YES;
				IPHONEOS_DEPLOYMENT_TARGET = 18.0;
				MARKETING_VERSION = 1.0;
				PRODUCT_BUNDLE_IDENTIFIER = com.ba.GridDataApiTests;
				PRODUCT_NAME = "$(TARGET_NAME)";
				SWIFT_EMIT_LOC_STRINGS = NO;
				SWIFT_VERSION = 5.0;
				TARGETED_DEVICE_FAMILY = "1,2";
				TEST_HOST = "$(BUILT_PRODUCTS_DIR)/GridDataApi.app/$(BUNDLE_EXECUTABLE_FOLDER_PATH)/GridDataApi";
			};
			name = Debug;
		};
		3DDC81FB2CE4E85E00D8DC49 /* Release */ = {
			isa = XCBuildConfiguration;
			buildSettings = {
				BUNDLE_LOADER = "$(TEST_HOST)";
				CODE_SIGN_STYLE = Automatic;
				CURRENT_PROJECT_VERSION = 1;
				GENERATE_INFOPLIST_FILE = YES;
				IPHONEOS_DEPLOYMENT_TARGET = 18.0;
				MARKETING_VERSION = 1.0;
				PRODUCT_BUNDLE_IDENTIFIER = com.ba.GridDataApiTests;
				PRODUCT_NAME = "$(TARGET_NAME)";
				SWIFT_EMIT_LOC_STRINGS = NO;
				SWIFT_VERSION = 5.0;
				TARGETED_DEVICE_FAMILY = "1,2";
				TEST_HOST = "$(BUILT_PRODUCTS_DIR)/GridDataApi.app/$(BUNDLE_EXECUTABLE_FOLDER_PATH)/GridDataApi";
			};
			name = Release;
		};
		3DDC81FD2CE4E85E00D8DC49 /* Debug */ = {
			isa = XCBuildConfiguration;
			buildSettings = {
				CODE_SIGN_STYLE = Automatic;
				CURRENT_PROJECT_VERSION = 1;
				GENERATE_INFOPLIST_FILE = YES;
				MARKETING_VERSION = 1.0;
				PRODUCT_BUNDLE_IDENTIFIER = com.ba.GridDataApiUITests;
				PRODUCT_NAME = "$(TARGET_NAME)";
				SWIFT_EMIT_LOC_STRINGS = NO;
				SWIFT_VERSION = 5.0;
				TARGETED_DEVICE_FAMILY = "1,2";
				TEST_TARGET_NAME = GridDataApi;
			};
			name = Debug;
		};
		3DDC81FE2CE4E85E00D8DC49 /* Release */ = {
			isa = XCBuildConfiguration;
			buildSettings = {
				CODE_SIGN_STYLE = Automatic;
				CURRENT_PROJECT_VERSION = 1;
				GENERATE_INFOPLIST_FILE = YES;
				MARKETING_VERSION = 1.0;
				PRODUCT_BUNDLE_IDENTIFIER = com.ba.GridDataApiUITests;
				PRODUCT_NAME = "$(TARGET_NAME)";
				SWIFT_EMIT_LOC_STRINGS = NO;
				SWIFT_VERSION = 5.0;
				TARGETED_DEVICE_FAMILY = "1,2";
				TEST_TARGET_NAME = GridDataApi;
			};
			name = Release;
		};
/* End XCBuildConfiguration section */

/* Begin XCConfigurationList section */
		3DDC81C62CE4E85D00D8DC49 /* Build configuration list for PBXProject "GridDataApi" */ = {
			isa = XCConfigurationList;
			buildConfigurations = (
				3DDC81F72CE4E85E00D8DC49 /* Debug */,
				3DDC81F82CE4E85E00D8DC49 /* Release */,
			);
			defaultConfigurationIsVisible = 0;
			defaultConfigurationName = Release;
		};
		3DDC81F42CE4E85E00D8DC49 /* Build configuration list for PBXNativeTarget "GridDataApi" */ = {
			isa = XCConfigurationList;
			buildConfigurations = (
				3DDC81F52CE4E85E00D8DC49 /* Debug */,
				3DDC81F62CE4E85E00D8DC49 /* Release */,
			);
			defaultConfigurationIsVisible = 0;
			defaultConfigurationName = Release;
		};
		3DDC81F92CE4E85E00D8DC49 /* Build configuration list for PBXNativeTarget "GridDataApiTests" */ = {
			isa = XCConfigurationList;
			buildConfigurations = (
				3DDC81FA2CE4E85E00D8DC49 /* Debug */,
				3DDC81FB2CE4E85E00D8DC49 /* Release */,
			);
			defaultConfigurationIsVisible = 0;
			defaultConfigurationName = Release;
		};
		3DDC81FC2CE4E85E00D8DC49 /* Build configuration list for PBXNativeTarget "GridDataApiUITests" */ = {
			isa = XCConfigurationList;
			buildConfigurations = (
				3DDC81FD2CE4E85E00D8DC49 /* Debug */,
				3DDC81FE2CE4E85E00D8DC49 /* Release */,
			);
			defaultConfigurationIsVisible = 0;
			defaultConfigurationName = Release;
		};
/* End XCConfigurationList section */
	};
	rootObject = 3DDC81C32CE4E85D00D8DC49 /* Project object */;
}
