// !$*UTF8*$!
{
	archiveVersion = 1;
	classes = {
	};
	objectVersion = 77;
	objects = {

/* Begin PBXContainerItemProxy section */
		3DC177302CE5970F0052899B /* PBXContainerItemProxy */ = {
			isa = PBXContainerItemProxy;
			containerPortal = 3DC177112CE5970E0052899B /* Project object */;
			proxyType = 1;
			remoteGlobalIDString = 3DC177182CE5970E0052899B;
			remoteInfo = ApiNetWorkTalbeView;
		};
		3DC1773A2CE5970F0052899B /* PBXContainerItemProxy */ = {
			isa = PBXContainerItemProxy;
			containerPortal = 3DC177112CE5970E0052899B /* Project object */;
			proxyType = 1;
			remoteGlobalIDString = 3DC177182CE5970E0052899B;
			remoteInfo = ApiNetWorkTalbeView;
		};
/* End PBXContainerItemProxy section */

/* Begin PBXFileReference section */
		3DC177192CE5970E0052899B /* ApiNetWorkTalbeView.app */ = {isa = PBXFileReference; explicitFileType = wrapper.application; includeInIndex = 0; path = ApiNetWorkTalbeView.app; sourceTree = BUILT_PRODUCTS_DIR; };
		3DC1772F2CE5970F0052899B /* ApiNetWorkTalbeViewTests.xctest */ = {isa = PBXFileReference; explicitFileType = wrapper.cfbundle; includeInIndex = 0; path = ApiNetWorkTalbeViewTests.xctest; sourceTree = BUILT_PRODUCTS_DIR; };
		3DC177392CE5970F0052899B /* ApiNetWorkTalbeViewUITests.xctest */ = {isa = PBXFileReference; explicitFileType = wrapper.cfbundle; includeInIndex = 0; path = ApiNetWorkTalbeViewUITests.xctest; sourceTree = BUILT_PRODUCTS_DIR; };
/* End PBXFileReference section */

/* Begin PBXFileSystemSynchronizedBuildFileExceptionSet section */
		3DC177412CE5970F0052899B /* Exceptions for "ApiNetWorkTalbeView" folder in "ApiNetWorkTalbeView" target */ = {
			isa = PBXFileSystemSynchronizedBuildFileExceptionSet;
			membershipExceptions = (
				Info.plist,
			);
			target = 3DC177182CE5970E0052899B /* ApiNetWorkTalbeView */;
		};
/* End PBXFileSystemSynchronizedBuildFileExceptionSet section */

/* Begin PBXFileSystemSynchronizedRootGroup section */
		3DC1771B2CE5970E0052899B /* ApiNetWorkTalbeView */ = {
			isa = PBXFileSystemSynchronizedRootGroup;
			exceptions = (
				3DC177412CE5970F0052899B /* Exceptions for "ApiNetWorkTalbeView" folder in "ApiNetWorkTalbeView" target */,
			);
			path = ApiNetWorkTalbeView;
			sourceTree = "<group>";
		};
		3DC177322CE5970F0052899B /* ApiNetWorkTalbeViewTests */ = {
			isa = PBXFileSystemSynchronizedRootGroup;
			path = ApiNetWorkTalbeViewTests;
			sourceTree = "<group>";
		};
		3DC1773C2CE5970F0052899B /* ApiNetWorkTalbeViewUITests */ = {
			isa = PBXFileSystemSynchronizedRootGroup;
			path = ApiNetWorkTalbeViewUITests;
			sourceTree = "<group>";
		};
/* End PBXFileSystemSynchronizedRootGroup section */

/* Begin PBXFrameworksBuildPhase section */
		3DC177162CE5970E0052899B /* Frameworks */ = {
			isa = PBXFrameworksBuildPhase;
			buildActionMask = 2147483647;
			files = (
			);
			runOnlyForDeploymentPostprocessing = 0;
		};
		3DC1772C2CE5970F0052899B /* Frameworks */ = {
			isa = PBXFrameworksBuildPhase;
			buildActionMask = 2147483647;
			files = (
			);
			runOnlyForDeploymentPostprocessing = 0;
		};
		3DC177362CE5970F0052899B /* Frameworks */ = {
			isa = PBXFrameworksBuildPhase;
			buildActionMask = 2147483647;
			files = (
			);
			runOnlyForDeploymentPostprocessing = 0;
		};
/* End PBXFrameworksBuildPhase section */

/* Begin PBXGroup section */
		3DC177102CE5970E0052899B = {
			isa = PBXGroup;
			children = (
				3DC1771B2CE5970E0052899B /* ApiNetWorkTalbeView */,
				3DC177322CE5970F0052899B /* ApiNetWorkTalbeViewTests */,
				3DC1773C2CE5970F0052899B /* ApiNetWorkTalbeViewUITests */,
				3DC1771A2CE5970E0052899B /* Products */,
			);
			sourceTree = "<group>";
		};
		3DC1771A2CE5970E0052899B /* Products */ = {
			isa = PBXGroup;
			children = (
				3DC177192CE5970E0052899B /* ApiNetWorkTalbeView.app */,
				3DC1772F2CE5970F0052899B /* ApiNetWorkTalbeViewTests.xctest */,
				3DC177392CE5970F0052899B /* ApiNetWorkTalbeViewUITests.xctest */,
			);
			name = Products;
			sourceTree = "<group>";
		};
/* End PBXGroup section */

/* Begin PBXNativeTarget section */
		3DC177182CE5970E0052899B /* ApiNetWorkTalbeView */ = {
			isa = PBXNativeTarget;
			buildConfigurationList = 3DC177422CE5970F0052899B /* Build configuration list for PBXNativeTarget "ApiNetWorkTalbeView" */;
			buildPhases = (
				3DC177152CE5970E0052899B /* Sources */,
				3DC177162CE5970E0052899B /* Frameworks */,
				3DC177172CE5970E0052899B /* Resources */,
			);
			buildRules = (
			);
			dependencies = (
			);
			fileSystemSynchronizedGroups = (
				3DC1771B2CE5970E0052899B /* ApiNetWorkTalbeView */,
			);
			name = ApiNetWorkTalbeView;
			packageProductDependencies = (
			);
			productName = ApiNetWorkTalbeView;
			productReference = 3DC177192CE5970E0052899B /* ApiNetWorkTalbeView.app */;
			productType = "com.apple.product-type.application";
		};
		3DC1772E2CE5970F0052899B /* ApiNetWorkTalbeViewTests */ = {
			isa = PBXNativeTarget;
			buildConfigurationList = 3DC177472CE5970F0052899B /* Build configuration list for PBXNativeTarget "ApiNetWorkTalbeViewTests" */;
			buildPhases = (
				3DC1772B2CE5970F0052899B /* Sources */,
				3DC1772C2CE5970F0052899B /* Frameworks */,
				3DC1772D2CE5970F0052899B /* Resources */,
			);
			buildRules = (
			);
			dependencies = (
				3DC177312CE5970F0052899B /* PBXTargetDependency */,
			);
			fileSystemSynchronizedGroups = (
				3DC177322CE5970F0052899B /* ApiNetWorkTalbeViewTests */,
			);
			name = ApiNetWorkTalbeViewTests;
			packageProductDependencies = (
			);
			productName = ApiNetWorkTalbeViewTests;
			productReference = 3DC1772F2CE5970F0052899B /* ApiNetWorkTalbeViewTests.xctest */;
			productType = "com.apple.product-type.bundle.unit-test";
		};
		3DC177382CE5970F0052899B /* ApiNetWorkTalbeViewUITests */ = {
			isa = PBXNativeTarget;
			buildConfigurationList = 3DC1774A2CE5970F0052899B /* Build configuration list for PBXNativeTarget "ApiNetWorkTalbeViewUITests" */;
			buildPhases = (
				3DC177352CE5970F0052899B /* Sources */,
				3DC177362CE5970F0052899B /* Frameworks */,
				3DC177372CE5970F0052899B /* Resources */,
			);
			buildRules = (
			);
			dependencies = (
				3DC1773B2CE5970F0052899B /* PBXTargetDependency */,
			);
			fileSystemSynchronizedGroups = (
				3DC1773C2CE5970F0052899B /* ApiNetWorkTalbeViewUITests */,
			);
			name = ApiNetWorkTalbeViewUITests;
			packageProductDependencies = (
			);
			productName = ApiNetWorkTalbeViewUITests;
			productReference = 3DC177392CE5970F0052899B /* ApiNetWorkTalbeViewUITests.xctest */;
			productType = "com.apple.product-type.bundle.ui-testing";
		};
/* End PBXNativeTarget section */

/* Begin PBXProject section */
		3DC177112CE5970E0052899B /* Project object */ = {
			isa = PBXProject;
			attributes = {
				BuildIndependentTargetsInParallel = 1;
				LastSwiftUpdateCheck = 1600;
				LastUpgradeCheck = 1600;
				TargetAttributes = {
					3DC177182CE5970E0052899B = {
						CreatedOnToolsVersion = 16.0;
					};
					3DC1772E2CE5970F0052899B = {
						CreatedOnToolsVersion = 16.0;
						TestTargetID = 3DC177182CE5970E0052899B;
					};
					3DC177382CE5970F0052899B = {
						CreatedOnToolsVersion = 16.0;
						TestTargetID = 3DC177182CE5970E0052899B;
					};
				};
			};
			buildConfigurationList = 3DC177142CE5970E0052899B /* Build configuration list for PBXProject "ApiNetWorkTalbeView" */;
			developmentRegion = en;
			hasScannedForEncodings = 0;
			knownRegions = (
				en,
				Base,
			);
			mainGroup = 3DC177102CE5970E0052899B;
			minimizedProjectReferenceProxies = 1;
			preferredProjectObjectVersion = 77;
			productRefGroup = 3DC1771A2CE5970E0052899B /* Products */;
			projectDirPath = "";
			projectRoot = "";
			targets = (
				3DC177182CE5970E0052899B /* ApiNetWorkTalbeView */,
				3DC1772E2CE5970F0052899B /* ApiNetWorkTalbeViewTests */,
				3DC177382CE5970F0052899B /* ApiNetWorkTalbeViewUITests */,
			);
		};
/* End PBXProject section */

/* Begin PBXResourcesBuildPhase section */
		3DC177172CE5970E0052899B /* Resources */ = {
			isa = PBXResourcesBuildPhase;
			buildActionMask = 2147483647;
			files = (
			);
			runOnlyForDeploymentPostprocessing = 0;
		};
		3DC1772D2CE5970F0052899B /* Resources */ = {
			isa = PBXResourcesBuildPhase;
			buildActionMask = 2147483647;
			files = (
			);
			runOnlyForDeploymentPostprocessing = 0;
		};
		3DC177372CE5970F0052899B /* Resources */ = {
			isa = PBXResourcesBuildPhase;
			buildActionMask = 2147483647;
			files = (
			);
			runOnlyForDeploymentPostprocessing = 0;
		};
/* End PBXResourcesBuildPhase section */

/* Begin PBXSourcesBuildPhase section */
		3DC177152CE5970E0052899B /* Sources */ = {
			isa = PBXSourcesBuildPhase;
			buildActionMask = 2147483647;
			files = (
			);
			runOnlyForDeploymentPostprocessing = 0;
		};
		3DC1772B2CE5970F0052899B /* Sources */ = {
			isa = PBXSourcesBuildPhase;
			buildActionMask = 2147483647;
			files = (
			);
			runOnlyForDeploymentPostprocessing = 0;
		};
		3DC177352CE5970F0052899B /* Sources */ = {
			isa = PBXSourcesBuildPhase;
			buildActionMask = 2147483647;
			files = (
			);
			runOnlyForDeploymentPostprocessing = 0;
		};
/* End PBXSourcesBuildPhase section */

/* Begin PBXTargetDependency section */
		3DC177312CE5970F0052899B /* PBXTargetDependency */ = {
			isa = PBXTargetDependency;
			target = 3DC177182CE5970E0052899B /* ApiNetWorkTalbeView */;
			targetProxy = 3DC177302CE5970F0052899B /* PBXContainerItemProxy */;
		};
		3DC1773B2CE5970F0052899B /* PBXTargetDependency */ = {
			isa = PBXTargetDependency;
			target = 3DC177182CE5970E0052899B /* ApiNetWorkTalbeView */;
			targetProxy = 3DC1773A2CE5970F0052899B /* PBXContainerItemProxy */;
		};
/* End PBXTargetDependency section */

/* Begin XCBuildConfiguration section */
		3DC177432CE5970F0052899B /* Debug */ = {
			isa = XCBuildConfiguration;
			buildSettings = {
				ASSETCATALOG_COMPILER_APPICON_NAME = AppIcon;
				ASSETCATALOG_COMPILER_GLOBAL_ACCENT_COLOR_NAME = AccentColor;
				CODE_SIGN_STYLE = Automatic;
				CURRENT_PROJECT_VERSION = 1;
				GENERATE_INFOPLIST_FILE = YES;
				INFOPLIST_FILE = ApiNetWorkTalbeView/Info.plist;
				INFOPLIST_KEY_UIApplicationSupportsIndirectInputEvents = YES;
				INFOPLIST_KEY_UILaunchStoryboardName = LaunchScreen;
				INFOPLIST_KEY_UIMainStoryboardFile = Main;
				INFOPLIST_KEY_UISupportedInterfaceOrientations_iPad = "UIInterfaceOrientationPortrait UIInterfaceOrientationPortraitUpsideDown UIInterfaceOrientationLandscapeLeft UIInterfaceOrientationLandscapeRight";
				INFOPLIST_KEY_UISupportedInterfaceOrientations_iPhone = "UIInterfaceOrientationPortrait UIInterfaceOrientationLandscapeLeft UIInterfaceOrientationLandscapeRight";
				LD_RUNPATH_SEARCH_PATHS = (
					"$(inherited)",
					"@executable_path/Frameworks",
				);
				MARKETING_VERSION = 1.0;
				PRODUCT_BUNDLE_IDENTIFIER = com.ba.ApiNetWorkTalbeView;
				PRODUCT_NAME = "$(TARGET_NAME)";
				SWIFT_EMIT_LOC_STRINGS = YES;
				SWIFT_VERSION = 5.0;
				TARGETED_DEVICE_FAMILY = "1,2";
			};
			name = Debug;
		};
		3DC177442CE5970F0052899B /* Release */ = {
			isa = XCBuildConfiguration;
			buildSettings = {
				ASSETCATALOG_COMPILER_APPICON_NAME = AppIcon;
				ASSETCATALOG_COMPILER_GLOBAL_ACCENT_COLOR_NAME = AccentColor;
				CODE_SIGN_STYLE = Automatic;
				CURRENT_PROJECT_VERSION = 1;
				GENERATE_INFOPLIST_FILE = YES;
				INFOPLIST_FILE = ApiNetWorkTalbeView/Info.plist;
				INFOPLIST_KEY_UIApplicationSupportsIndirectInputEvents = YES;
				INFOPLIST_KEY_UILaunchStoryboardName = LaunchScreen;
				INFOPLIST_KEY_UIMainStoryboardFile = Main;
				INFOPLIST_KEY_UISupportedInterfaceOrientations_iPad = "UIInterfaceOrientationPortrait UIInterfaceOrientationPortraitUpsideDown UIInterfaceOrientationLandscapeLeft UIInterfaceOrientationLandscapeRight";
				INFOPLIST_KEY_UISupportedInterfaceOrientations_iPhone = "UIInterfaceOrientationPortrait UIInterfaceOrientationLandscapeLeft UIInterfaceOrientationLandscapeRight";
				LD_RUNPATH_SEARCH_PATHS = (
					"$(inherited)",
					"@executable_path/Frameworks",
				);
				MARKETING_VERSION = 1.0;
				PRODUCT_BUNDLE_IDENTIFIER = com.ba.ApiNetWorkTalbeView;
				PRODUCT_NAME = "$(TARGET_NAME)";
				SWIFT_EMIT_LOC_STRINGS = YES;
				SWIFT_VERSION = 5.0;
				TARGETED_DEVICE_FAMILY = "1,2";
			};
			name = Release;
		};
		3DC177452CE5970F0052899B /* Debug */ = {
			isa = XCBuildConfiguration;
			buildSettings = {
				ALWAYS_SEARCH_USER_PATHS = NO;
				ASSETCATALOG_COMPILER_GENERATE_SWIFT_ASSET_SYMBOL_EXTENSIONS = YES;
				CLANG_ANALYZER_NONNULL = YES;
				CLANG_ANALYZER_NUMBER_OBJECT_CONVERSION = YES_AGGRESSIVE;
				CLANG_CXX_LANGUAGE_STANDARD = "gnu++20";
				CLANG_ENABLE_MODULES = YES;
				CLANG_ENABLE_OBJC_ARC = YES;
				CLANG_ENABLE_OBJC_WEAK = YES;
				CLANG_WARN_BLOCK_CAPTURE_AUTORELEASING = YES;
				CLANG_WARN_BOOL_CONVERSION = YES;
				CLANG_WARN_COMMA = YES;
				CLANG_WARN_CONSTANT_CONVERSION = YES;
				CLANG_WARN_DEPRECATED_OBJC_IMPLEMENTATIONS = YES;
				CLANG_WARN_DIRECT_OBJC_ISA_USAGE = YES_ERROR;
				CLANG_WARN_DOCUMENTATION_COMMENTS = YES;
				CLANG_WARN_EMPTY_BODY = YES;
				CLANG_WARN_ENUM_CONVERSION = YES;
				CLANG_WARN_INFINITE_RECURSION = YES;
				CLANG_WARN_INT_CONVERSION = YES;
				CLANG_WARN_NON_LITERAL_NULL_CONVERSION = YES;
				CLANG_WARN_OBJC_IMPLICIT_RETAIN_SELF = YES;
				CLANG_WARN_OBJC_LITERAL_CONVERSION = YES;
				CLANG_WARN_OBJC_ROOT_CLASS = YES_ERROR;
				CLANG_WARN_QUOTED_INCLUDE_IN_FRAMEWORK_HEADER = YES;
				CLANG_WARN_RANGE_LOOP_ANALYSIS = YES;
				CLANG_WARN_STRICT_PROTOTYPES = YES;
				CLANG_WARN_SUSPICIOUS_MOVE = YES;
				CLANG_WARN_UNGUARDED_AVAILABILITY = YES_AGGRESSIVE;
				CLANG_WARN_UNREACHABLE_CODE = YES;
				CLANG_WARN__DUPLICATE_METHOD_MATCH = YES;
				COPY_PHASE_STRIP = NO;
				DEBUG_INFORMATION_FORMAT = dwarf;
				ENABLE_STRICT_OBJC_MSGSEND = YES;
				ENABLE_TESTABILITY = YES;
				ENABLE_USER_SCRIPT_SANDBOXING = YES;
				GCC_C_LANGUAGE_STANDARD = gnu17;
				GCC_DYNAMIC_NO_PIC = NO;
				GCC_NO_COMMON_BLOCKS = YES;
				GCC_OPTIMIZATION_LEVEL = 0;
				GCC_PREPROCESSOR_DEFINITIONS = (
					"DEBUG=1",
					"$(inherited)",
				);
				GCC_WARN_64_TO_32_BIT_CONVERSION = YES;
				GCC_WARN_ABOUT_RETURN_TYPE = YES_ERROR;
				GCC_WARN_UNDECLARED_SELECTOR = YES;
				GCC_WARN_UNINITIALIZED_AUTOS = YES_AGGRESSIVE;
				GCC_WARN_UNUSED_FUNCTION = YES;
				GCC_WARN_UNUSED_VARIABLE = YES;
				IPHONEOS_DEPLOYMENT_TARGET = 18.0;
				LOCALIZATION_PREFERS_STRING_CATALOGS = YES;
				MTL_ENABLE_DEBUG_INFO = INCLUDE_SOURCE;
				MTL_FAST_MATH = YES;
				ONLY_ACTIVE_ARCH = YES;
				SDKROOT = iphoneos;
				SWIFT_ACTIVE_COMPILATION_CONDITIONS = "DEBUG $(inherited)";
				SWIFT_OPTIMIZATION_LEVEL = "-Onone";
			};
			name = Debug;
		};
		3DC177462CE5970F0052899B /* Release */ = {
			isa = XCBuildConfiguration;
			buildSettings = {
				ALWAYS_SEARCH_USER_PATHS = NO;
				ASSETCATALOG_COMPILER_GENERATE_SWIFT_ASSET_SYMBOL_EXTENSIONS = YES;
				CLANG_ANALYZER_NONNULL = YES;
				CLANG_ANALYZER_NUMBER_OBJECT_CONVERSION = YES_AGGRESSIVE;
				CLANG_CXX_LANGUAGE_STANDARD = "gnu++20";
				CLANG_ENABLE_MODULES = YES;
				CLANG_ENABLE_OBJC_ARC = YES;
				CLANG_ENABLE_OBJC_WEAK = YES;
				CLANG_WARN_BLOCK_CAPTURE_AUTORELEASING = YES;
				CLANG_WARN_BOOL_CONVERSION = YES;
				CLANG_WARN_COMMA = YES;
				CLANG_WARN_CONSTANT_CONVERSION = YES;
				CLANG_WARN_DEPRECATED_OBJC_IMPLEMENTATIONS = YES;
				CLANG_WARN_DIRECT_OBJC_ISA_USAGE = YES_ERROR;
				CLANG_WARN_DOCUMENTATION_COMMENTS = YES;
				CLANG_WARN_EMPTY_BODY = YES;
				CLANG_WARN_ENUM_CONVERSION = YES;
				CLANG_WARN_INFINITE_RECURSION = YES;
				CLANG_WARN_INT_CONVERSION = YES;
				CLANG_WARN_NON_LITERAL_NULL_CONVERSION = YES;
				CLANG_WARN_OBJC_IMPLICIT_RETAIN_SELF = YES;
				CLANG_WARN_OBJC_LITERAL_CONVERSION = YES;
				CLANG_WARN_OBJC_ROOT_CLASS = YES_ERROR;
				CLANG_WARN_QUOTED_INCLUDE_IN_FRAMEWORK_HEADER = YES;
				CLANG_WARN_RANGE_LOOP_ANALYSIS = YES;
				CLANG_WARN_STRICT_PROTOTYPES = YES;
				CLANG_WARN_SUSPICIOUS_MOVE = YES;
				CLANG_WARN_UNGUARDED_AVAILABILITY = YES_AGGRESSIVE;
				CLANG_WARN_UNREACHABLE_CODE = YES;
				CLANG_WARN__DUPLICATE_METHOD_MATCH = YES;
				COPY_PHASE_STRIP = NO;
				DEBUG_INFORMATION_FORMAT = "dwarf-with-dsym";
				ENABLE_NS_ASSERTIONS = NO;
				ENABLE_STRICT_OBJC_MSGSEND = YES;
				ENABLE_USER_SCRIPT_SANDBOXING = YES;
				GCC_C_LANGUAGE_STANDARD = gnu17;
				GCC_NO_COMMON_BLOCKS = YES;
				GCC_WARN_64_TO_32_BIT_CONVERSION = YES;
				GCC_WARN_ABOUT_RETURN_TYPE = YES_ERROR;
				GCC_WARN_UNDECLARED_SELECTOR = YES;
				GCC_WARN_UNINITIALIZED_AUTOS = YES_AGGRESSIVE;
				GCC_WARN_UNUSED_FUNCTION = YES;
				GCC_WARN_UNUSED_VARIABLE = YES;
				IPHONEOS_DEPLOYMENT_TARGET = 18.0;
				LOCALIZATION_PREFERS_STRING_CATALOGS = YES;
				MTL_ENABLE_DEBUG_INFO = NO;
				MTL_FAST_MATH = YES;
				SDKROOT = iphoneos;
				SWIFT_COMPILATION_MODE = wholemodule;
				VALIDATE_PRODUCT = YES;
			};
			name = Release;
		};
		3DC177482CE5970F0052899B /* Debug */ = {
			isa = XCBuildConfiguration;
			buildSettings = {
				BUNDLE_LOADER = "$(TEST_HOST)";
				CODE_SIGN_STYLE = Automatic;
				CURRENT_PROJECT_VERSION = 1;
				GENERATE_INFOPLIST_FILE = YES;
				IPHONEOS_DEPLOYMENT_TARGET = 18.0;
				MARKETING_VERSION = 1.0;
				PRODUCT_BUNDLE_IDENTIFIER = com.ba.ApiNetWorkTalbeViewTests;
				PRODUCT_NAME = "$(TARGET_NAME)";
				SWIFT_EMIT_LOC_STRINGS = NO;
				SWIFT_VERSION = 5.0;
				TARGETED_DEVICE_FAMILY = "1,2";
				TEST_HOST = "$(BUILT_PRODUCTS_DIR)/ApiNetWorkTalbeView.app/$(BUNDLE_EXECUTABLE_FOLDER_PATH)/ApiNetWorkTalbeView";
			};
			name = Debug;
		};
		3DC177492CE5970F0052899B /* Release */ = {
			isa = XCBuildConfiguration;
			buildSettings = {
				BUNDLE_LOADER = "$(TEST_HOST)";
				CODE_SIGN_STYLE = Automatic;
				CURRENT_PROJECT_VERSION = 1;
				GENERATE_INFOPLIST_FILE = YES;
				IPHONEOS_DEPLOYMENT_TARGET = 18.0;
				MARKETING_VERSION = 1.0;
				PRODUCT_BUNDLE_IDENTIFIER = com.ba.ApiNetWorkTalbeViewTests;
				PRODUCT_NAME = "$(TARGET_NAME)";
				SWIFT_EMIT_LOC_STRINGS = NO;
				SWIFT_VERSION = 5.0;
				TARGETED_DEVICE_FAMILY = "1,2";
				TEST_HOST = "$(BUILT_PRODUCTS_DIR)/ApiNetWorkTalbeView.app/$(BUNDLE_EXECUTABLE_FOLDER_PATH)/ApiNetWorkTalbeView";
			};
			name = Release;
		};
		3DC1774B2CE5970F0052899B /* Debug */ = {
			isa = XCBuildConfiguration;
			buildSettings = {
				CODE_SIGN_STYLE = Automatic;
				CURRENT_PROJECT_VERSION = 1;
				GENERATE_INFOPLIST_FILE = YES;
				MARKETING_VERSION = 1.0;
				PRODUCT_BUNDLE_IDENTIFIER = com.ba.ApiNetWorkTalbeViewUITests;
				PRODUCT_NAME = "$(TARGET_NAME)";
				SWIFT_EMIT_LOC_STRINGS = NO;
				SWIFT_VERSION = 5.0;
				TARGETED_DEVICE_FAMILY = "1,2";
				TEST_TARGET_NAME = ApiNetWorkTalbeView;
			};
			name = Debug;
		};
		3DC1774C2CE5970F0052899B /* Release */ = {
			isa = XCBuildConfiguration;
			buildSettings = {
				CODE_SIGN_STYLE = Automatic;
				CURRENT_PROJECT_VERSION = 1;
				GENERATE_INFOPLIST_FILE = YES;
				MARKETING_VERSION = 1.0;
				PRODUCT_BUNDLE_IDENTIFIER = com.ba.ApiNetWorkTalbeViewUITests;
				PRODUCT_NAME = "$(TARGET_NAME)";
				SWIFT_EMIT_LOC_STRINGS = NO;
				SWIFT_VERSION = 5.0;
				TARGETED_DEVICE_FAMILY = "1,2";
				TEST_TARGET_NAME = ApiNetWorkTalbeView;
			};
			name = Release;
		};
/* End XCBuildConfiguration section */

/* Begin XCConfigurationList section */
		3DC177142CE5970E0052899B /* Build configuration list for PBXProject "ApiNetWorkTalbeView" */ = {
			isa = XCConfigurationList;
			buildConfigurations = (
				3DC177452CE5970F0052899B /* Debug */,
				3DC177462CE5970F0052899B /* Release */,
			);
			defaultConfigurationIsVisible = 0;
			defaultConfigurationName = Release;
		};
		3DC177422CE5970F0052899B /* Build configuration list for PBXNativeTarget "ApiNetWorkTalbeView" */ = {
			isa = XCConfigurationList;
			buildConfigurations = (
				3DC177432CE5970F0052899B /* Debug */,
				3DC177442CE5970F0052899B /* Release */,
			);
			defaultConfigurationIsVisible = 0;
			defaultConfigurationName = Release;
		};
		3DC177472CE5970F0052899B /* Build configuration list for PBXNativeTarget "ApiNetWorkTalbeViewTests" */ = {
			isa = XCConfigurationList;
			buildConfigurations = (
				3DC177482CE5970F0052899B /* Debug */,
				3DC177492CE5970F0052899B /* Release */,
			);
			defaultConfigurationIsVisible = 0;
			defaultConfigurationName = Release;
		};
		3DC1774A2CE5970F0052899B /* Build configuration list for PBXNativeTarget "ApiNetWorkTalbeViewUITests" */ = {
			isa = XCConfigurationList;
			buildConfigurations = (
				3DC1774B2CE5970F0052899B /* Debug */,
				3DC1774C2CE5970F0052899B /* Release */,
			);
			defaultConfigurationIsVisible = 0;
			defaultConfigurationName = Release;
		};
/* End XCConfigurationList section */
	};
	rootObject = 3DC177112CE5970E0052899B /* Project object */;
}
